{
  "requires": true,
  "lockfileVersion": 1,
  "dependencies": {
    "vue": {
      "version": "2.6.11",
      "resolved": "https://registry.npmjs.org/vue/-/vue-2.6.11.tgz",
      "integrity": "sha512-VfPwgcGABbGAue9+sfrD4PuwFar7gPb1yl1UK1MwXoQPAw0BKSqWfoYCT/ThFrdEVWoI51dBuyCoiNU9bZDZxQ=="
    },
    "vue-awesome": {
      "version": "3.5.4",
      "resolved": "https://registry.npmjs.org/vue-awesome/-/vue-awesome-3.5.4.tgz",
      "integrity": "sha512-RRuo08A6mFye2RyLVdnODH5kyLiHANMl9EzKXZXCeMrsP4SY3nyjkQnTGlgbbVOBQuaGBMrFp9HPOJYDaVNk/w=="
    },
    "vue-socialmedia-share": {
      "version": "1.0.1",
      "resolved": "https://registry.npmjs.org/vue-socialmedia-share/-/vue-socialmedia-share-1.0.1.tgz",
      "integrity": "sha512-5bWn1i1VMBgmhCoLBx/3EWwph6sGsOkrHJZxoYg3Ng9nsRp+LH654Ct6kZwj+T7rUmqXz6r4hFRI6ENPDQPWmA==",
      "requires": {
        "vue": "^2.5.16",
        "vue-awesome": "^3.0.0"
      }
    }
  }
}
